
Microsoft Visual Studio Solution File, Format Version 12.00
Project("{FAE04EC0-301F-11D3-BF4B-00C04F79EFBC}") = "TenorSharp", "TenorSharp\TenorSharp.csproj", "{76C82AB6-4068-439B-97FE-73DCACA2C6AB}"
EndProject
Project("{FAE04EC0-301F-11D3-BF4B-00C04F79EFBC}") = "TenorTest", "TenorTest\TenorTest.csproj", "{C802282A-FA13-44C3-9CA3-4718E261ABFF}"
EndProject
Project("{FAE04EC0-301F-11D3-BF4B-00C04F79EFBC}") = "TenorTesting", "TenorTesting\TenorTesting.csproj", "{626CF31B-3791-4392-838A-C0C0C5C7BB19}"
EndProject
Global
	GlobalSection(SolutionConfigurationPlatforms) = preSolution
		Debug|Any CPU = Debug|Any CPU
		Release|Any CPU = Release|Any CPU
	EndGlobalSection
	GlobalSection(ProjectConfigurationPlatforms) = postSolution
		{76C82AB6-4068-439B-97FE-73DCACA2C6AB}.Debug|Any CPU.ActiveCfg = Debug|Any CPU
		{76C82AB6-4068-439B-97FE-73DCACA2C6AB}.Debug|Any CPU.Build.0 = Debug|Any CPU
		{76C82AB6-4068-439B-97FE-73DCACA2C6AB}.Release|Any CPU.ActiveCfg = Release|Any CPU
		{76C82AB6-4068-439B-97FE-73DCACA2C6AB}.Release|Any CPU.Build.0 = Release|Any CPU
		{C802282A-FA13-44C3-9CA3-4718E261ABFF}.Debug|Any CPU.ActiveCfg = Debug|Any CPU
		{C802282A-FA13-44C3-9CA3-4718E261ABFF}.Debug|Any CPU.Build.0 = Debug|Any CPU
		{C802282A-FA13-44C3-9CA3-4718E261ABFF}.Release|Any CPU.ActiveCfg = Release|Any CPU
		{C802282A-FA13-44C3-9CA3-4718E261ABFF}.Release|Any CPU.Build.0 = Release|Any CPU
		{626CF31B-3791-4392-838A-C0C0C5C7BB19}.Debug|Any CPU.ActiveCfg = Debug|Any CPU
		{626CF31B-3791-4392-838A-C0C0C5C7BB19}.Debug|Any CPU.Build.0 = Debug|Any CPU
		{626CF31B-3791-4392-838A-C0C0C5C7BB19}.Release|Any CPU.ActiveCfg = Release|Any CPU
		{626CF31B-3791-4392-838A-C0C0C5C7BB19}.Release|Any CPU.Build.0 = Release|Any CPU
	EndGlobalSection
EndGlobal
