
Microsoft Visual Studio Solution File, Format Version 12.00
Project("{FAE04EC0-301F-11D3-BF4B-00C04F79EFBC}") = "TenorSharp", "TenorSharp\TenorSharp.csproj", "{76C82AB6-4068-439B-97FE-73DCACA2C6AB}"
EndProject
Project("{FAE04EC0-301F-11D3-BF4B-00C04F79EFBC}") = "TenorTesting", "TenorTesting\TenorTesting.csproj", "{1DDA73C0-E961-42F0-B721-0087FD374D7D}"
EndProject
Global
	GlobalSection(SolutionConfigurationPlatforms) = preSolution
		Debug|Any CPU = Debug|Any CPU
		Release|Any CPU = Release|Any CPU
	EndGlobalSection
	GlobalSection(ProjectConfigurationPlatforms) = postSolution
		{76C82AB6-4068-439B-97FE-73DCACA2C6AB}.Debug|Any CPU.ActiveCfg = Debug|Any CPU
		{76C82AB6-4068-439B-97FE-73DCACA2C6AB}.Debug|Any CPU.Build.0 = Debug|Any CPU
		{76C82AB6-4068-439B-97FE-73DCACA2C6AB}.Release|Any CPU.ActiveCfg = Release|Any CPU
		{76C82AB6-4068-439B-97FE-73DCACA2C6AB}.Release|Any CPU.Build.0 = Release|Any CPU
		{1DDA73C0-E961-42F0-B721-0087FD374D7D}.Debug|Any CPU.ActiveCfg = Debug|Any CPU
		{1DDA73C0-E961-42F0-B721-0087FD374D7D}.Debug|Any CPU.Build.0 = Debug|Any CPU
		{1DDA73C0-E961-42F0-B721-0087FD374D7D}.Release|Any CPU.ActiveCfg = Release|Any CPU
		{1DDA73C0-E961-42F0-B721-0087FD374D7D}.Release|Any CPU.Build.0 = Release|Any CPU
	EndGlobalSection
EndGlobal
